
Microsoft Visual Studio Solution File, Format Version 9.00
# Visual Studio 2005
Project("{FAE04EC0-301F-11D3-BF4B-00C04F79EFBC}") = "Tht Stealer", "Tht Stealer.csproj", "{AAF414A6-37F4-492B-9734-5CFB0147BCCE}"
EndProject
Global
	GlobalSection(SolutionConfigurationPlatforms) = preSolution
		Debug|Any CPU = Debug|Any CPU
		Release|Any CPU = Release|Any CPU
	EndGlobalSection
	GlobalSection(ProjectConfigurationPlatforms) = postSolution
		{AAF414A6-37F4-492B-9734-5CFB0147BCCE}.Debug|Any CPU.ActiveCfg = Debug|Any CPU
		{AAF414A6-37F4-492B-9734-5CFB0147BCCE}.Debug|Any CPU.Build.0 = Debug|Any CPU
		{AAF414A6-37F4-492B-9734-5CFB0147BCCE}.Release|Any CPU.ActiveCfg = Release|Any CPU
		{AAF414A6-37F4-492B-9734-5CFB0147BCCE}.Release|Any CPU.Build.0 = Release|Any CPU
	EndGlobalSection
	GlobalSection(SolutionProperties) = preSolution
		HideSolutionNode = FALSE
	EndGlobalSection
EndGlobal
