
Microsoft Visual Studio Solution File, Format Version 12.00
# Visual Studio 2012
Project("{FAE04EC0-301F-11D3-BF4B-00C04F79EFBC}") = "PasswordStealer", "PasswordStealer\PasswordStealer.csproj", "{922EE24E-2C08-4E2C-A696-748E96E6B184}"
EndProject
Global
	GlobalSection(SolutionConfigurationPlatforms) = preSolution
		Debug|Any CPU = Debug|Any CPU
		Release|Any CPU = Release|Any CPU
	EndGlobalSection
	GlobalSection(ProjectConfigurationPlatforms) = postSolution
		{922EE24E-2C08-4E2C-A696-748E96E6B184}.Debug|Any CPU.ActiveCfg = Debug|Any CPU
		{922EE24E-2C08-4E2C-A696-748E96E6B184}.Debug|Any CPU.Build.0 = Debug|Any CPU
		{922EE24E-2C08-4E2C-A696-748E96E6B184}.Release|Any CPU.ActiveCfg = Release|Any CPU
		{922EE24E-2C08-4E2C-A696-748E96E6B184}.Release|Any CPU.Build.0 = Release|Any CPU
	EndGlobalSection
	GlobalSection(SolutionProperties) = preSolution
		HideSolutionNode = FALSE
	EndGlobalSection
EndGlobal
