
Microsoft Visual Studio Solution File, Format Version 12.00
# Visual Studio 15
VisualStudioVersion = 15.0.27130.2020
MinimumVisualStudioVersion = 10.0.40219.1
Project("{FAE04EC0-301F-11D3-BF4B-00C04F79EFBC}") = "IETurel", "IETurel\IETurel.csproj", "{46F39C8B-9573-427C-B6BD-48B252268225}"
EndProject
Global
	GlobalSection(SolutionConfigurationPlatforms) = preSolution
		Debug|Any CPU = Debug|Any CPU
		Release|Any CPU = Release|Any CPU
	EndGlobalSection
	GlobalSection(ProjectConfigurationPlatforms) = postSolution
		{46F39C8B-9573-427C-B6BD-48B252268225}.Debug|Any CPU.ActiveCfg = Debug|Any CPU
		{46F39C8B-9573-427C-B6BD-48B252268225}.Debug|Any CPU.Build.0 = Debug|Any CPU
		{46F39C8B-9573-427C-B6BD-48B252268225}.Release|Any CPU.ActiveCfg = Release|Any CPU
		{46F39C8B-9573-427C-B6BD-48B252268225}.Release|Any CPU.Build.0 = Release|Any CPU
	EndGlobalSection
	GlobalSection(SolutionProperties) = preSolution
		HideSolutionNode = FALSE
	EndGlobalSection
	GlobalSection(ExtensibilityGlobals) = postSolution
		SolutionGuid = {EB38B3C1-1FCB-4D53-8938-F4AE869508B6}
	EndGlobalSection
EndGlobal
