
Microsoft Visual Studio Solution File, Format Version 12.00
# Visual Studio 15
VisualStudioVersion = 15.0.27130.2027
MinimumVisualStudioVersion = 10.0.40219.1
Project("{FAE04EC0-301F-11D3-BF4B-00C04F79EFBC}") = "MozillaDecrypt", "MozillaDecrypt\MozillaDecrypt.csproj", "{DD2C2392-8B1F-41D5-91D2-C8E4EA587169}"
EndProject
Global
	GlobalSection(SolutionConfigurationPlatforms) = preSolution
		Debug|Any CPU = Debug|Any CPU
		Release|Any CPU = Release|Any CPU
	EndGlobalSection
	GlobalSection(ProjectConfigurationPlatforms) = postSolution
		{DD2C2392-8B1F-41D5-91D2-C8E4EA587169}.Debug|Any CPU.ActiveCfg = Debug|Any CPU
		{DD2C2392-8B1F-41D5-91D2-C8E4EA587169}.Debug|Any CPU.Build.0 = Debug|Any CPU
		{DD2C2392-8B1F-41D5-91D2-C8E4EA587169}.Release|Any CPU.ActiveCfg = Release|Any CPU
		{DD2C2392-8B1F-41D5-91D2-C8E4EA587169}.Release|Any CPU.Build.0 = Release|Any CPU
	EndGlobalSection
	GlobalSection(SolutionProperties) = preSolution
		HideSolutionNode = FALSE
	EndGlobalSection
	GlobalSection(ExtensibilityGlobals) = postSolution
		SolutionGuid = {FCA0E73C-A40E-4081-9510-9DAC87B60610}
	EndGlobalSection
EndGlobal
