
Microsoft Visual Studio Solution File, Format Version 12.00
# Visual Studio 2013
VisualStudioVersion = 12.0.21005.1
MinimumVisualStudioVersion = 10.0.40219.1
Project("{FAE04EC0-301F-11D3-BF4B-00C04F79EFBC}") = "CredentialStealer.Client.Console", "Client\CredentialStealer.Client.Console.csproj", "{9236D49E-1ADE-40B1-B9CD-8DDD8AFC71D7}"
EndProject
Project("{FAE04EC0-301F-11D3-BF4B-00C04F79EFBC}") = "CredentialStealer.Server.Console", "Server\CredentialStealer.Server.Console.csproj", "{D7302410-F560-46A8-AF73-248483084C96}"
EndProject
Project("{FAE04EC0-301F-11D3-BF4B-00C04F79EFBC}") = "CredentialStealer.Utils", "Utils\CredentialStealer.Utils.csproj", "{B3624000-87BA-4713-B4B7-04D1617694F3}"
EndProject
Project("{FAE04EC0-301F-11D3-BF4B-00C04F79EFBC}") = "CredentialStealer.Entities", "Entities\CredentialStealer.Entities.csproj", "{A3A96804-1637-42DA-9D34-32A2F446A4E0}"
EndProject
Project("{FAE04EC0-301F-11D3-BF4B-00C04F79EFBC}") = "CredentialStealer.KeyboardMouseHooks", "KeyboardMouseHooks\CredentialStealer.KeyboardMouseHooks.csproj", "{57085DD2-68BD-40B4-9148-35CA28038AE3}"
EndProject
Project("{FAE04EC0-301F-11D3-BF4B-00C04F79EFBC}") = "CredentialStealer.KeyboardRecorder", "KeyboardRecorder\CredentialStealer.KeyboardRecorder.csproj", "{5466767F-AE9A-49AF-BEEA-6302B3D3E0D6}"
EndProject
Global
	GlobalSection(SolutionConfigurationPlatforms) = preSolution
		Debug|Any CPU = Debug|Any CPU
		Debug|Mixed Platforms = Debug|Mixed Platforms
		Debug|x86 = Debug|x86
		Release|Any CPU = Release|Any CPU
		Release|Mixed Platforms = Release|Mixed Platforms
		Release|x86 = Release|x86
	EndGlobalSection
	GlobalSection(ProjectConfigurationPlatforms) = postSolution
		{9236D49E-1ADE-40B1-B9CD-8DDD8AFC71D7}.Debug|Any CPU.ActiveCfg = Debug|Any CPU
		{9236D49E-1ADE-40B1-B9CD-8DDD8AFC71D7}.Debug|Any CPU.Build.0 = Debug|Any CPU
		{9236D49E-1ADE-40B1-B9CD-8DDD8AFC71D7}.Debug|Mixed Platforms.ActiveCfg = Debug|Any CPU
		{9236D49E-1ADE-40B1-B9CD-8DDD8AFC71D7}.Debug|Mixed Platforms.Build.0 = Debug|Any CPU
		{9236D49E-1ADE-40B1-B9CD-8DDD8AFC71D7}.Debug|x86.ActiveCfg = Debug|Any CPU
		{9236D49E-1ADE-40B1-B9CD-8DDD8AFC71D7}.Release|Any CPU.ActiveCfg = Release|Any CPU
		{9236D49E-1ADE-40B1-B9CD-8DDD8AFC71D7}.Release|Any CPU.Build.0 = Release|Any CPU
		{9236D49E-1ADE-40B1-B9CD-8DDD8AFC71D7}.Release|Mixed Platforms.ActiveCfg = Release|Any CPU
		{9236D49E-1ADE-40B1-B9CD-8DDD8AFC71D7}.Release|Mixed Platforms.Build.0 = Release|Any CPU
		{9236D49E-1ADE-40B1-B9CD-8DDD8AFC71D7}.Release|x86.ActiveCfg = Release|Any CPU
		{D7302410-F560-46A8-AF73-248483084C96}.Debug|Any CPU.ActiveCfg = Debug|Any CPU
		{D7302410-F560-46A8-AF73-248483084C96}.Debug|Any CPU.Build.0 = Debug|Any CPU
		{D7302410-F560-46A8-AF73-248483084C96}.Debug|Mixed Platforms.ActiveCfg = Debug|Any CPU
		{D7302410-F560-46A8-AF73-248483084C96}.Debug|Mixed Platforms.Build.0 = Debug|Any CPU
		{D7302410-F560-46A8-AF73-248483084C96}.Debug|x86.ActiveCfg = Debug|Any CPU
		{D7302410-F560-46A8-AF73-248483084C96}.Release|Any CPU.ActiveCfg = Release|Any CPU
		{D7302410-F560-46A8-AF73-248483084C96}.Release|Any CPU.Build.0 = Release|Any CPU
		{D7302410-F560-46A8-AF73-248483084C96}.Release|Mixed Platforms.ActiveCfg = Release|Any CPU
		{D7302410-F560-46A8-AF73-248483084C96}.Release|Mixed Platforms.Build.0 = Release|Any CPU
		{D7302410-F560-46A8-AF73-248483084C96}.Release|x86.ActiveCfg = Release|Any CPU
		{B3624000-87BA-4713-B4B7-04D1617694F3}.Debug|Any CPU.ActiveCfg = Debug|Any CPU
		{B3624000-87BA-4713-B4B7-04D1617694F3}.Debug|Any CPU.Build.0 = Debug|Any CPU
		{B3624000-87BA-4713-B4B7-04D1617694F3}.Debug|Mixed Platforms.ActiveCfg = Debug|Any CPU
		{B3624000-87BA-4713-B4B7-04D1617694F3}.Debug|Mixed Platforms.Build.0 = Debug|Any CPU
		{B3624000-87BA-4713-B4B7-04D1617694F3}.Debug|x86.ActiveCfg = Debug|Any CPU
		{B3624000-87BA-4713-B4B7-04D1617694F3}.Release|Any CPU.ActiveCfg = Release|Any CPU
		{B3624000-87BA-4713-B4B7-04D1617694F3}.Release|Any CPU.Build.0 = Release|Any CPU
		{B3624000-87BA-4713-B4B7-04D1617694F3}.Release|Mixed Platforms.ActiveCfg = Release|Any CPU
		{B3624000-87BA-4713-B4B7-04D1617694F3}.Release|Mixed Platforms.Build.0 = Release|Any CPU
		{B3624000-87BA-4713-B4B7-04D1617694F3}.Release|x86.ActiveCfg = Release|Any CPU
		{A3A96804-1637-42DA-9D34-32A2F446A4E0}.Debug|Any CPU.ActiveCfg = Debug|Any CPU
		{A3A96804-1637-42DA-9D34-32A2F446A4E0}.Debug|Any CPU.Build.0 = Debug|Any CPU
		{A3A96804-1637-42DA-9D34-32A2F446A4E0}.Debug|Mixed Platforms.ActiveCfg = Debug|Any CPU
		{A3A96804-1637-42DA-9D34-32A2F446A4E0}.Debug|Mixed Platforms.Build.0 = Debug|Any CPU
		{A3A96804-1637-42DA-9D34-32A2F446A4E0}.Debug|x86.ActiveCfg = Debug|Any CPU
		{A3A96804-1637-42DA-9D34-32A2F446A4E0}.Release|Any CPU.ActiveCfg = Release|Any CPU
		{A3A96804-1637-42DA-9D34-32A2F446A4E0}.Release|Any CPU.Build.0 = Release|Any CPU
		{A3A96804-1637-42DA-9D34-32A2F446A4E0}.Release|Mixed Platforms.ActiveCfg = Release|Any CPU
		{A3A96804-1637-42DA-9D34-32A2F446A4E0}.Release|Mixed Platforms.Build.0 = Release|Any CPU
		{A3A96804-1637-42DA-9D34-32A2F446A4E0}.Release|x86.ActiveCfg = Release|Any CPU
		{57085DD2-68BD-40B4-9148-35CA28038AE3}.Debug|Any CPU.ActiveCfg = Debug|x86
		{57085DD2-68BD-40B4-9148-35CA28038AE3}.Debug|Mixed Platforms.ActiveCfg = Debug|x86
		{57085DD2-68BD-40B4-9148-35CA28038AE3}.Debug|Mixed Platforms.Build.0 = Debug|x86
		{57085DD2-68BD-40B4-9148-35CA28038AE3}.Debug|x86.ActiveCfg = Debug|x86
		{57085DD2-68BD-40B4-9148-35CA28038AE3}.Debug|x86.Build.0 = Debug|x86
		{57085DD2-68BD-40B4-9148-35CA28038AE3}.Release|Any CPU.ActiveCfg = Release|x86
		{57085DD2-68BD-40B4-9148-35CA28038AE3}.Release|Mixed Platforms.ActiveCfg = Release|x86
		{57085DD2-68BD-40B4-9148-35CA28038AE3}.Release|Mixed Platforms.Build.0 = Release|x86
		{57085DD2-68BD-40B4-9148-35CA28038AE3}.Release|x86.ActiveCfg = Release|x86
		{57085DD2-68BD-40B4-9148-35CA28038AE3}.Release|x86.Build.0 = Release|x86
		{5466767F-AE9A-49AF-BEEA-6302B3D3E0D6}.Debug|Any CPU.ActiveCfg = Debug|Any CPU
		{5466767F-AE9A-49AF-BEEA-6302B3D3E0D6}.Debug|Any CPU.Build.0 = Debug|Any CPU
		{5466767F-AE9A-49AF-BEEA-6302B3D3E0D6}.Debug|Mixed Platforms.ActiveCfg = Debug|Any CPU
		{5466767F-AE9A-49AF-BEEA-6302B3D3E0D6}.Debug|Mixed Platforms.Build.0 = Debug|Any CPU
		{5466767F-AE9A-49AF-BEEA-6302B3D3E0D6}.Debug|x86.ActiveCfg = Debug|Any CPU
		{5466767F-AE9A-49AF-BEEA-6302B3D3E0D6}.Release|Any CPU.ActiveCfg = Release|Any CPU
		{5466767F-AE9A-49AF-BEEA-6302B3D3E0D6}.Release|Any CPU.Build.0 = Release|Any CPU
		{5466767F-AE9A-49AF-BEEA-6302B3D3E0D6}.Release|Mixed Platforms.ActiveCfg = Release|Any CPU
		{5466767F-AE9A-49AF-BEEA-6302B3D3E0D6}.Release|Mixed Platforms.Build.0 = Release|Any CPU
		{5466767F-AE9A-49AF-BEEA-6302B3D3E0D6}.Release|x86.ActiveCfg = Release|Any CPU
	EndGlobalSection
	GlobalSection(SolutionProperties) = preSolution
		HideSolutionNode = FALSE
	EndGlobalSection
EndGlobal
