
Microsoft Visual Studio Solution File, Format Version 12.00
# Visual Studio 15
VisualStudioVersion = 15.0.27703.2035
MinimumVisualStudioVersion = 10.0.40219.1
Project("{FAE04EC0-301F-11D3-BF4B-00C04F79EFBC}") = "PCInfo", "PCInfo\PCInfo.csproj", "{DC81F18C-2BE8-4460-904D-01D6F29C48DF}"
EndProject
Global
	GlobalSection(SolutionConfigurationPlatforms) = preSolution
		Debug|Any CPU = Debug|Any CPU
		Release|Any CPU = Release|Any CPU
	EndGlobalSection
	GlobalSection(ProjectConfigurationPlatforms) = postSolution
		{DC81F18C-2BE8-4460-904D-01D6F29C48DF}.Debug|Any CPU.ActiveCfg = Debug|Any CPU
		{DC81F18C-2BE8-4460-904D-01D6F29C48DF}.Debug|Any CPU.Build.0 = Debug|Any CPU
		{DC81F18C-2BE8-4460-904D-01D6F29C48DF}.Release|Any CPU.ActiveCfg = Release|Any CPU
		{DC81F18C-2BE8-4460-904D-01D6F29C48DF}.Release|Any CPU.Build.0 = Release|Any CPU
	EndGlobalSection
	GlobalSection(SolutionProperties) = preSolution
		HideSolutionNode = FALSE
	EndGlobalSection
	GlobalSection(ExtensibilityGlobals) = postSolution
		SolutionGuid = {0244F0AD-1C34-432D-BD80-2006D7E9E8C2}
	EndGlobalSection
EndGlobal
