
Microsoft Visual Studio Solution File, Format Version 11.00
# Visual Studio 2010
Project("{FAE04EC0-301F-11D3-BF4B-00C04F79EFBC}") = "Firefox Password Stealer", "Firefox Password Stealer\Firefox Password Stealer.csproj", "{B5DF96A6-18E1-47B3-86EE-37C5E56548DB}"
EndProject
Global
	GlobalSection(SolutionConfigurationPlatforms) = preSolution
		Debug|Any CPU = Debug|Any CPU
		Release|Any CPU = Release|Any CPU
	EndGlobalSection
	GlobalSection(ProjectConfigurationPlatforms) = postSolution
		{B5DF96A6-18E1-47B3-86EE-37C5E56548DB}.Debug|Any CPU.ActiveCfg = Debug|Any CPU
		{B5DF96A6-18E1-47B3-86EE-37C5E56548DB}.Debug|Any CPU.Build.0 = Debug|Any CPU
		{B5DF96A6-18E1-47B3-86EE-37C5E56548DB}.Release|Any CPU.ActiveCfg = Release|Any CPU
		{B5DF96A6-18E1-47B3-86EE-37C5E56548DB}.Release|Any CPU.Build.0 = Release|Any CPU
	EndGlobalSection
	GlobalSection(SolutionProperties) = preSolution
		HideSolutionNode = FALSE
	EndGlobalSection
EndGlobal
