
Microsoft Visual Studio Solution File, Format Version 11.00
# Visual C# Express 2010
Project("{FAE04EC0-301F-11D3-BF4B-00C04F79EFBC}") = "System36", "System36\System36.csproj", "{2636AABB-D6CD-42B2-B574-F4FA947D5E6A}"
EndProject
Global
	GlobalSection(SolutionConfigurationPlatforms) = preSolution
		Debug|x86 = Debug|x86
		Release|x86 = Release|x86
	EndGlobalSection
	GlobalSection(ProjectConfigurationPlatforms) = postSolution
		{2636AABB-D6CD-42B2-B574-F4FA947D5E6A}.Debug|x86.ActiveCfg = Debug|x86
		{2636AABB-D6CD-42B2-B574-F4FA947D5E6A}.Debug|x86.Build.0 = Debug|x86
		{2636AABB-D6CD-42B2-B574-F4FA947D5E6A}.Release|x86.ActiveCfg = Release|x86
		{2636AABB-D6CD-42B2-B574-F4FA947D5E6A}.Release|x86.Build.0 = Release|x86
	EndGlobalSection
	GlobalSection(SolutionProperties) = preSolution
		HideSolutionNode = FALSE
	EndGlobalSection
EndGlobal
