
Microsoft Visual Studio Solution File, Format Version 12.00
# Visual Studio 15
VisualStudioVersion = 15.0.27004.2010
MinimumVisualStudioVersion = 10.0.40219.1
Project("{FAE04EC0-301F-11D3-BF4B-00C04F79EFBC}") = "XStealer", "XStealer\XStealer.csproj", "{50865CB7-16DE-4D06-82F0-B67F4D6CF0D4}"
EndProject
Global
	GlobalSection(SolutionConfigurationPlatforms) = preSolution
		Debug|Any CPU = Debug|Any CPU
		Release|Any CPU = Release|Any CPU
	EndGlobalSection
	GlobalSection(ProjectConfigurationPlatforms) = postSolution
		{50865CB7-16DE-4D06-82F0-B67F4D6CF0D4}.Debug|Any CPU.ActiveCfg = Debug|Any CPU
		{50865CB7-16DE-4D06-82F0-B67F4D6CF0D4}.Debug|Any CPU.Build.0 = Debug|Any CPU
		{50865CB7-16DE-4D06-82F0-B67F4D6CF0D4}.Release|Any CPU.ActiveCfg = Release|Any CPU
		{50865CB7-16DE-4D06-82F0-B67F4D6CF0D4}.Release|Any CPU.Build.0 = Release|Any CPU
	EndGlobalSection
	GlobalSection(SolutionProperties) = preSolution
		HideSolutionNode = FALSE
	EndGlobalSection
	GlobalSection(ExtensibilityGlobals) = postSolution
		SolutionGuid = {3D058611-7AF3-4D6D-89EA-6407B74C5EF3}
	EndGlobalSection
EndGlobal
